
Microsoft Visual Studio Solution File, Format Version 12.00
# Visual Studio 15
VisualStudioVersion = 15.0.28307.757
MinimumVisualStudioVersion = 10.0.40219.1
Project("{FAE04EC0-301F-11D3-BF4B-00C04F79EFBC}") = "WebApi", "WebApi\WebApi.csproj", "{1A568ACC-D298-4F60-A001-B4DFA86BB126}"
EndProject
Project("{FAE04EC0-301F-11D3-BF4B-00C04F79EFBC}") = "WebApi.Tests", "WebApi.Tests\WebApi.Tests.csproj", "{2160B192-87AE-4E17-B607-D1F22E2F0087}"
EndProject
Global
	GlobalSection(SolutionConfigurationPlatforms) = preSolution
		Debug|Any CPU = Debug|Any CPU
		Release|Any CPU = Release|Any CPU
	EndGlobalSection
	GlobalSection(ProjectConfigurationPlatforms) = postSolution
		{1A568ACC-D298-4F60-A001-B4DFA86BB126}.Debug|Any CPU.ActiveCfg = Debug|Any CPU
		{1A568ACC-D298-4F60-A001-B4DFA86BB126}.Debug|Any CPU.Build.0 = Debug|Any CPU
		{1A568ACC-D298-4F60-A001-B4DFA86BB126}.Release|Any CPU.ActiveCfg = Release|Any CPU
		{1A568ACC-D298-4F60-A001-B4DFA86BB126}.Release|Any CPU.Build.0 = Release|Any CPU
		{2160B192-87AE-4E17-B607-D1F22E2F0087}.Debug|Any CPU.ActiveCfg = Debug|Any CPU
		{2160B192-87AE-4E17-B607-D1F22E2F0087}.Debug|Any CPU.Build.0 = Debug|Any CPU
		{2160B192-87AE-4E17-B607-D1F22E2F0087}.Release|Any CPU.ActiveCfg = Release|Any CPU
		{2160B192-87AE-4E17-B607-D1F22E2F0087}.Release|Any CPU.Build.0 = Release|Any CPU
	EndGlobalSection
	GlobalSection(SolutionProperties) = preSolution
		HideSolutionNode = FALSE
	EndGlobalSection
	GlobalSection(ExtensibilityGlobals) = postSolution
		SolutionGuid = {85E25096-95DC-4CD2-890B-2BB385E196BB}
	EndGlobalSection
EndGlobal
